// !$*UTF8*$!
{
	archiveVersion = 1;
	classes = {
	};
	objectVersion = 50;
	objects = {

/* Begin PBXBuildFile section */
		2D3411E521F16526009F8178 /* AppDelegate.swift in Sources */ = {isa = PBXBuildFile; fileRef = 2D3411E421F16526009F8178 /* AppDelegate.swift */; };
		2D3411E721F16526009F8178 /* CategoriesVC.swift in Sources */ = {isa = PBXBuildFile; fileRef = 2D3411E621F16526009F8178 /* CategoriesVC.swift */; };
		2D3411EA21F16526009F8178 /* Main.storyboard in Resources */ = {isa = PBXBuildFile; fileRef = 2D3411E821F16526009F8178 /* Main.storyboard */; };
		2D3411ED21F16526009F8178 /* ToDoRx3.xcdatamodeld in Sources */ = {isa = PBXBuildFile; fileRef = 2D3411EB21F16526009F8178 /* ToDoRx3.xcdatamodeld */; };
		2D3411EF21F16528009F8178 /* Assets.xcassets in Resources */ = {isa = PBXBuildFile; fileRef = 2D3411EE21F16528009F8178 /* Assets.xcassets */; };
		2D3411F221F16528009F8178 /* LaunchScreen.storyboard in Resources */ = {isa = PBXBuildFile; fileRef = 2D3411F021F16528009F8178 /* LaunchScreen.storyboard */; };
		2D3411FF21F16786009F8178 /* TodosVC.swift in Sources */ = {isa = PBXBuildFile; fileRef = 2D3411FE21F16786009F8178 /* TodosVC.swift */; };
		652C0DAA48C18BCB578717F6 /* Pods_ToDoRx3.framework in Frameworks */ = {isa = PBXBuildFile; fileRef = EE1A489313080D33C985B745 /* Pods_ToDoRx3.framework */; };
/* End PBXBuildFile section */

/* Begin PBXFileReference section */
		2D3411E121F16526009F8178 /* ToDoRx3.app */ = {isa = PBXFileReference; explicitFileType = wrapper.application; includeInIndex = 0; path = ToDoRx3.app; sourceTree = BUILT_PRODUCTS_DIR; };
		2D3411E421F16526009F8178 /* AppDelegate.swift */ = {isa = PBXFileReference; lastKnownFileType = sourcecode.swift; path = AppDelegate.swift; sourceTree = "<group>"; };
		2D3411E621F16526009F8178 /* CategoriesVC.swift */ = {isa = PBXFileReference; lastKnownFileType = sourcecode.swift; path = CategoriesVC.swift; sourceTree = "<group>"; };
		2D3411E921F16526009F8178 /* Base */ = {isa = PBXFileReference; lastKnownFileType = file.storyboard; name = Base; path = Base.lproj/Main.storyboard; sourceTree = "<group>"; };
		2D3411EC21F16526009F8178 /* ToDoRx3.xcdatamodel */ = {isa = PBXFileReference; lastKnownFileType = wrapper.xcdatamodel; path = ToDoRx3.xcdatamodel; sourceTree = "<group>"; };
		2D3411EE21F16528009F8178 /* Assets.xcassets */ = {isa = PBXFileReference; lastKnownFileType = folder.assetcatalog; path = Assets.xcassets; sourceTree = "<group>"; };
		2D3411F121F16528009F8178 /* Base */ = {isa = PBXFileReference; lastKnownFileType = file.storyboard; name = Base; path = Base.lproj/LaunchScreen.storyboard; sourceTree = "<group>"; };
		2D3411F321F16528009F8178 /* Info.plist */ = {isa = PBXFileReference; lastKnownFileType = text.plist.xml; path = Info.plist; sourceTree = "<group>"; };
		2D3411FE21F16786009F8178 /* TodosVC.swift */ = {isa = PBXFileReference; lastKnownFileType = sourcecode.swift; path = TodosVC.swift; sourceTree = "<group>"; };
		303B08E5C36AAC39D1344FFF /* Pods-ToDoRx3.debug.xcconfig */ = {isa = PBXFileReference; includeInIndex = 1; lastKnownFileType = text.xcconfig; name = "Pods-ToDoRx3.debug.xcconfig"; path = "Pods/Target Support Files/Pods-ToDoRx3/Pods-ToDoRx3.debug.xcconfig"; sourceTree = "<group>"; };
		A8512F5D6A2BE002907535CE /* Pods-ToDoRx3.release.xcconfig */ = {isa = PBXFileReference; includeInIndex = 1; lastKnownFileType = text.xcconfig; name = "Pods-ToDoRx3.release.xcconfig"; path = "Pods/Target Support Files/Pods-ToDoRx3/Pods-ToDoRx3.release.xcconfig"; sourceTree = "<group>"; };
		EE1A489313080D33C985B745 /* Pods_ToDoRx3.framework */ = {isa = PBXFileReference; explicitFileType = wrapper.framework; includeInIndex = 0; path = Pods_ToDoRx3.framework; sourceTree = BUILT_PRODUCTS_DIR; };
/* End PBXFileReference section */

/* Begin PBXFrameworksBuildPhase section */
		2D3411DE21F16526009F8178 /* Frameworks */ = {
			isa = PBXFrameworksBuildPhase;
			buildActionMask = 2147483647;
			files = (
				652C0DAA48C18BCB578717F6 /* Pods_ToDoRx3.framework in Frameworks */,
			);
			runOnlyForDeploymentPostprocessing = 0;
		};
/* End PBXFrameworksBuildPhase section */

/* Begin PBXGroup section */
		2D3411D821F16526009F8178 = {
			isa = PBXGroup;
			children = (
				2D3411E321F16526009F8178 /* ToDoRx3 */,
				2D3411E221F16526009F8178 /* Products */,
				99122EC11AAF0E86CB3ACD60 /* Pods */,
				A40DBCD33036708DF1AAF967 /* Frameworks */,
			);
			sourceTree = "<group>";
		};
		2D3411E221F16526009F8178 /* Products */ = {
			isa = PBXGroup;
			children = (
				2D3411E121F16526009F8178 /* ToDoRx3.app */,
			);
			name = Products;
			sourceTree = "<group>";
		};
		2D3411E321F16526009F8178 /* ToDoRx3 */ = {
			isa = PBXGroup;
			children = (
				2D3411FD21F16733009F8178 /* Controller */,
				2D3411FC21F16730009F8178 /* View */,
				2D3411FB21F1672E009F8178 /* Model */,
				2D3411E421F16526009F8178 /* AppDelegate.swift */,
				2D3411F321F16528009F8178 /* Info.plist */,
			);
			path = ToDoRx3;
			sourceTree = "<group>";
		};
		2D3411FB21F1672E009F8178 /* Model */ = {
			isa = PBXGroup;
			children = (
				2D3411EB21F16526009F8178 /* ToDoRx3.xcdatamodeld */,
			);
			path = Model;
			sourceTree = "<group>";
		};
		2D3411FC21F16730009F8178 /* View */ = {
			isa = PBXGroup;
			children = (
				2D3411E821F16526009F8178 /* Main.storyboard */,
				2D3411EE21F16528009F8178 /* Assets.xcassets */,
				2D3411F021F16528009F8178 /* LaunchScreen.storyboard */,
			);
			path = View;
			sourceTree = "<group>";
		};
		2D3411FD21F16733009F8178 /* Controller */ = {
			isa = PBXGroup;
			children = (
				2D3411E621F16526009F8178 /* CategoriesVC.swift */,
				2D3411FE21F16786009F8178 /* TodosVC.swift */,
			);
			path = Controller;
			sourceTree = "<group>";
		};
		99122EC11AAF0E86CB3ACD60 /* Pods */ = {
			isa = PBXGroup;
			children = (
				303B08E5C36AAC39D1344FFF /* Pods-ToDoRx3.debug.xcconfig */,
				A8512F5D6A2BE002907535CE /* Pods-ToDoRx3.release.xcconfig */,
			);
			name = Pods;
			sourceTree = "<group>";
		};
		A40DBCD33036708DF1AAF967 /* Frameworks */ = {
			isa = PBXGroup;
			children = (
				EE1A489313080D33C985B745 /* Pods_ToDoRx3.framework */,
			);
			name = Frameworks;
			sourceTree = "<group>";
		};
/* End PBXGroup section */

/* Begin PBXNativeTarget section */
		2D3411E021F16526009F8178 /* ToDoRx3 */ = {
			isa = PBXNativeTarget;
			buildConfigurationList = 2D3411F621F16528009F8178 /* Build configuration list for PBXNativeTarget "ToDoRx3" */;
			buildPhases = (
				645D176F0D42257B4F6A8050 /* [CP] Check Pods Manifest.lock */,
				2D3411DD21F16526009F8178 /* Sources */,
				2D3411DE21F16526009F8178 /* Frameworks */,
				2D3411DF21F16526009F8178 /* Resources */,
				22757ABA250BDEFA567A4A70 /* [CP] Embed Pods Frameworks */,
			);
			buildRules = (
			);
			dependencies = (
			);
			name = ToDoRx3;
			productName = ToDoRx3;
			productReference = 2D3411E121F16526009F8178 /* ToDoRx3.app */;
			productType = "com.apple.product-type.application";
		};
/* End PBXNativeTarget section */

/* Begin PBXProject section */
		2D3411D921F16526009F8178 /* Project object */ = {
			isa = PBXProject;
			attributes = {
				LastSwiftUpdateCheck = 1010;
				LastUpgradeCheck = 1010;
				ORGANIZATIONNAME = "Igor-Macbook Pro";
				TargetAttributes = {
					2D3411E021F16526009F8178 = {
						CreatedOnToolsVersion = 10.1;
					};
				};
			};
			buildConfigurationList = 2D3411DC21F16526009F8178 /* Build configuration list for PBXProject "ToDoRx3" */;
			compatibilityVersion = "Xcode 9.3";
			developmentRegion = en;
			hasScannedForEncodings = 0;
			knownRegions = (
				en,
				Base,
			);
			mainGroup = 2D3411D821F16526009F8178;
			productRefGroup = 2D3411E221F16526009F8178 /* Products */;
			projectDirPath = "";
			projectRoot = "";
			targets = (
				2D3411E021F16526009F8178 /* ToDoRx3 */,
			);
		};
/* End PBXProject section */

/* Begin PBXResourcesBuildPhase section */
		2D3411DF21F16526009F8178 /* Resources */ = {
			isa = PBXResourcesBuildPhase;
			buildActionMask = 2147483647;
			files = (
				2D3411F221F16528009F8178 /* LaunchScreen.storyboard in Resources */,
				2D3411EF21F16528009F8178 /* Assets.xcassets in Resources */,
				2D3411EA21F16526009F8178 /* Main.storyboard in Resources */,
			);
			runOnlyForDeploymentPostprocessing = 0;
		};
/* End PBXResourcesBuildPhase section */

/* Begin PBXShellScriptBuildPhase section */
		22757ABA250BDEFA567A4A70 /* [CP] Embed Pods Frameworks */ = {
			isa = PBXShellScriptBuildPhase;
			buildActionMask = 2147483647;
			files = (
			);
			inputFileListPaths = (
			);
			inputPaths = (
				"${SRCROOT}/Pods/Target Support Files/Pods-ToDoRx3/Pods-ToDoRx3-frameworks.sh",
				"${BUILT_PRODUCTS_DIR}/RxCocoa/RxCocoa.framework",
				"${BUILT_PRODUCTS_DIR}/RxSwift/RxSwift.framework",
			);
			name = "[CP] Embed Pods Frameworks";
			outputFileListPaths = (
			);
			outputPaths = (
				"${TARGET_BUILD_DIR}/${FRAMEWORKS_FOLDER_PATH}/RxCocoa.framework",
				"${TARGET_BUILD_DIR}/${FRAMEWORKS_FOLDER_PATH}/RxSwift.framework",
			);
			runOnlyForDeploymentPostprocessing = 0;
			shellPath = /bin/sh;
			shellScript = "\"${SRCROOT}/Pods/Target Support Files/Pods-ToDoRx3/Pods-ToDoRx3-frameworks.sh\"\n";
			showEnvVarsInLog = 0;
		};
		645D176F0D42257B4F6A8050 /* [CP] Check Pods Manifest.lock */ = {
			isa = PBXShellScriptBuildPhase;
			buildActionMask = 2147483647;
			files = (
			);
			inputFileListPaths = (
			);
			inputPaths = (
				"${PODS_PODFILE_DIR_PATH}/Podfile.lock",
				"${PODS_ROOT}/Manifest.lock",
			);
			name = "[CP] Check Pods Manifest.lock";
			outputFileListPaths = (
			);
			outputPaths = (
				"$(DERIVED_FILE_DIR)/Pods-ToDoRx3-checkManifestLockResult.txt",
			);
			runOnlyForDeploymentPostprocessing = 0;
			shellPath = /bin/sh;
			shellScript = "diff \"${PODS_PODFILE_DIR_PATH}/Podfile.lock\" \"${PODS_ROOT}/Manifest.lock\" > /dev/null\nif [ $? != 0 ] ; then\n    # print error to STDERR\n    echo \"error: The sandbox is not in sync with the Podfile.lock. Run 'pod install' or update your CocoaPods installation.\" >&2\n    exit 1\nfi\n# This output is used by Xcode 'outputs' to avoid re-running this script phase.\necho \"SUCCESS\" > \"${SCRIPT_OUTPUT_FILE_0}\"\n";
			showEnvVarsInLog = 0;
		};
/* End PBXShellScriptBuildPhase section */

/* Begin PBXSourcesBuildPhase section */
		2D3411DD21F16526009F8178 /* Sources */ = {
			isa = PBXSourcesBuildPhase;
			buildActionMask = 2147483647;
			files = (
				2D3411E721F16526009F8178 /* CategoriesVC.swift in Sources */,
				2D3411ED21F16526009F8178 /* ToDoRx3.xcdatamodeld in Sources */,
				2D3411FF21F16786009F8178 /* TodosVC.swift in Sources */,
				2D3411E521F16526009F8178 /* AppDelegate.swift in Sources */,
			);
			runOnlyForDeploymentPostprocessing = 0;
		};
/* End PBXSourcesBuildPhase section */

/* Begin PBXVariantGroup section */
		2D3411E821F16526009F8178 /* Main.storyboard */ = {
			isa = PBXVariantGroup;
			children = (
				2D3411E921F16526009F8178 /* Base */,
			);
			name = Main.storyboard;
			sourceTree = "<group>";
		};
		2D3411F021F16528009F8178 /* LaunchScreen.storyboard */ = {
			isa = PBXVariantGroup;
			children = (
				2D3411F121F16528009F8178 /* Base */,
			);
			name = LaunchScreen.storyboard;
			sourceTree = "<group>";
		};
/* End PBXVariantGroup section */

/* Begin XCBuildConfiguration section */
		2D3411F421F16528009F8178 /* Debug */ = {
			isa = XCBuildConfiguration;
			buildSettings = {
				ALWAYS_SEARCH_USER_PATHS = NO;
				CLANG_ANALYZER_NONNULL = YES;
				CLANG_ANALYZER_NUMBER_OBJECT_CONVERSION = YES_AGGRESSIVE;
				CLANG_CXX_LANGUAGE_STANDARD = "gnu++14";
				CLANG_CXX_LIBRARY = "libc++";
				CLANG_ENABLE_MODULES = YES;
				CLANG_ENABLE_OBJC_ARC = YES;
				CLANG_ENABLE_OBJC_WEAK = YES;
				CLANG_WARN_BLOCK_CAPTURE_AUTORELEASING = YES;
				CLANG_WARN_BOOL_CONVERSION = YES;
				CLANG_WARN_COMMA = YES;
				CLANG_WARN_CONSTANT_CONVERSION = YES;
				CLANG_WARN_DEPRECATED_OBJC_IMPLEMENTATIONS = YES;
				CLANG_WARN_DIRECT_OBJC_ISA_USAGE = YES_ERROR;
				CLANG_WARN_DOCUMENTATION_COMMENTS = YES;
				CLANG_WARN_EMPTY_BODY = YES;
				CLANG_WARN_ENUM_CONVERSION = YES;
				CLANG_WARN_INFINITE_RECURSION = YES;
				CLANG_WARN_INT_CONVERSION = YES;
				CLANG_WARN_NON_LITERAL_NULL_CONVERSION = YES;
				CLANG_WARN_OBJC_IMPLICIT_RETAIN_SELF = YES;
				CLANG_WARN_OBJC_LITERAL_CONVERSION = YES;
				CLANG_WARN_OBJC_ROOT_CLASS = YES_ERROR;
				CLANG_WARN_RANGE_LOOP_ANALYSIS = YES;
				CLANG_WARN_STRICT_PROTOTYPES = YES;
				CLANG_WARN_SUSPICIOUS_MOVE = YES;
				CLANG_WARN_UNGUARDED_AVAILABILITY = YES_AGGRESSIVE;
				CLANG_WARN_UNREACHABLE_CODE = YES;
				CLANG_WARN__DUPLICATE_METHOD_MATCH = YES;
				CODE_SIGN_IDENTITY = "iPhone Developer";
				COPY_PHASE_STRIP = NO;
				DEBUG_INFORMATION_FORMAT = dwarf;
				ENABLE_STRICT_OBJC_MSGSEND = YES;
				ENABLE_TESTABILITY = YES;
				GCC_C_LANGUAGE_STANDARD = gnu11;
				GCC_DYNAMIC_NO_PIC = NO;
				GCC_NO_COMMON_BLOCKS = YES;
				GCC_OPTIMIZATION_LEVEL = 0;
				GCC_PREPROCESSOR_DEFINITIONS = (
					"DEBUG=1",
					"$(inherited)",
				);
				GCC_WARN_64_TO_32_BIT_CONVERSION = YES;
				GCC_WARN_ABOUT_RETURN_TYPE = YES_ERROR;
				GCC_WARN_UNDECLARED_SELECTOR = YES;
				GCC_WARN_UNINITIALIZED_AUTOS = YES_AGGRESSIVE;
				GCC_WARN_UNUSED_FUNCTION = YES;
				GCC_WARN_UNUSED_VARIABLE = YES;
				IPHONEOS_DEPLOYMENT_TARGET = 12.1;
				MTL_ENABLE_DEBUG_INFO = INCLUDE_SOURCE;
				MTL_FAST_MATH = YES;
				ONLY_ACTIVE_ARCH = YES;
				SDKROOT = iphoneos;
				SWIFT_ACTIVE_COMPILATION_CONDITIONS = DEBUG;
				SWIFT_OPTIMIZATION_LEVEL = "-Onone";
			};
			name = Debug;
		};
		2D3411F521F16528009F8178 /* Release */ = {
			isa = XCBuildConfiguration;
			buildSettings = {
				ALWAYS_SEARCH_USER_PATHS = NO;
				CLANG_ANALYZER_NONNULL = YES;
				CLANG_ANALYZER_NUMBER_OBJECT_CONVERSION = YES_AGGRESSIVE;
				CLANG_CXX_LANGUAGE_STANDARD = "gnu++14";
				CLANG_CXX_LIBRARY = "libc++";
				CLANG_ENABLE_MODULES = YES;
				CLANG_ENABLE_OBJC_ARC = YES;
				CLANG_ENABLE_OBJC_WEAK = YES;
				CLANG_WARN_BLOCK_CAPTURE_AUTORELEASING = YES;
				CLANG_WARN_BOOL_CONVERSION = YES;
				CLANG_WARN_COMMA = YES;
				CLANG_WARN_CONSTANT_CONVERSION = YES;
				CLANG_WARN_DEPRECATED_OBJC_IMPLEMENTATIONS = YES;
				CLANG_WARN_DIRECT_OBJC_ISA_USAGE = YES_ERROR;
				CLANG_WARN_DOCUMENTATION_COMMENTS = YES;
				CLANG_WARN_EMPTY_BODY = YES;
				CLANG_WARN_ENUM_CONVERSION = YES;
				CLANG_WARN_INFINITE_RECURSION = YES;
				CLANG_WARN_INT_CONVERSION = YES;
				CLANG_WARN_NON_LITERAL_NULL_CONVERSION = YES;
				CLANG_WARN_OBJC_IMPLICIT_RETAIN_SELF = YES;
				CLANG_WARN_OBJC_LITERAL_CONVERSION = YES;
				CLANG_WARN_OBJC_ROOT_CLASS = YES_ERROR;
				CLANG_WARN_RANGE_LOOP_ANALYSIS = YES;
				CLANG_WARN_STRICT_PROTOTYPES = YES;
				CLANG_WARN_SUSPICIOUS_MOVE = YES;
				CLANG_WARN_UNGUARDED_AVAILABILITY = YES_AGGRESSIVE;
				CLANG_WARN_UNREACHABLE_CODE = YES;
				CLANG_WARN__DUPLICATE_METHOD_MATCH = YES;
				CODE_SIGN_IDENTITY = "iPhone Developer";
				COPY_PHASE_STRIP = NO;
				DEBUG_INFORMATION_FORMAT = "dwarf-with-dsym";
				ENABLE_NS_ASSERTIONS = NO;
				ENABLE_STRICT_OBJC_MSGSEND = YES;
				GCC_C_LANGUAGE_STANDARD = gnu11;
				GCC_NO_COMMON_BLOCKS = YES;
				GCC_WARN_64_TO_32_BIT_CONVERSION = YES;
				GCC_WARN_ABOUT_RETURN_TYPE = YES_ERROR;
				GCC_WARN_UNDECLARED_SELECTOR = YES;
				GCC_WARN_UNINITIALIZED_AUTOS = YES_AGGRESSIVE;
				GCC_WARN_UNUSED_FUNCTION = YES;
				GCC_WARN_UNUSED_VARIABLE = YES;
				IPHONEOS_DEPLOYMENT_TARGET = 12.1;
				MTL_ENABLE_DEBUG_INFO = NO;
				MTL_FAST_MATH = YES;
				SDKROOT = iphoneos;
				SWIFT_COMPILATION_MODE = wholemodule;
				SWIFT_OPTIMIZATION_LEVEL = "-O";
				VALIDATE_PRODUCT = YES;
			};
			name = Release;
		};
		2D3411F721F16528009F8178 /* Debug */ = {
			isa = XCBuildConfiguration;
			baseConfigurationReference = 303B08E5C36AAC39D1344FFF /* Pods-ToDoRx3.debug.xcconfig */;
			buildSettings = {
				ASSETCATALOG_COMPILER_APPICON_NAME = AppIcon;
				CODE_SIGN_STYLE = Automatic;
				DEVELOPMENT_TEAM = G3P284NUFU;
				INFOPLIST_FILE = ToDoRx3/Info.plist;
				LD_RUNPATH_SEARCH_PATHS = (
					"$(inherited)",
					"@executable_path/Frameworks",
				);
				PRODUCT_BUNDLE_IDENTIFIER = com.Naumenko.ToDoRx3;
				PRODUCT_NAME = "$(TARGET_NAME)";
				SWIFT_VERSION = 4.2;
				TARGETED_DEVICE_FAMILY = "1,2";
			};
			name = Debug;
		};
		2D3411F821F16528009F8178 /* Release */ = {
			isa = XCBuildConfiguration;
			baseConfigurationReference = A8512F5D6A2BE002907535CE /* Pods-ToDoRx3.release.xcconfig */;
			buildSettings = {
				ASSETCATALOG_COMPILER_APPICON_NAME = AppIcon;
				CODE_SIGN_STYLE = Automatic;
				DEVELOPMENT_TEAM = G3P284NUFU;
				INFOPLIST_FILE = ToDoRx3/Info.plist;
				LD_RUNPATH_SEARCH_PATHS = (
					"$(inherited)",
					"@executable_path/Frameworks",
				);
				PRODUCT_BUNDLE_IDENTIFIER = com.Naumenko.ToDoRx3;
				PRODUCT_NAME = "$(TARGET_NAME)";
				SWIFT_VERSION = 4.2;
				TARGETED_DEVICE_FAMILY = "1,2";
			};
			name = Release;
		};
/* End XCBuildConfiguration section */

/* Begin XCConfigurationList section */
		2D3411DC21F16526009F8178 /* Build configuration list for PBXProject "ToDoRx3" */ = {
			isa = XCConfigurationList;
			buildConfigurations = (
				2D3411F421F16528009F8178 /* Debug */,
				2D3411F521F16528009F8178 /* Release */,
			);
			defaultConfigurationIsVisible = 0;
			defaultConfigurationName = Release;
		};
		2D3411F621F16528009F8178 /* Build configuration list for PBXNativeTarget "ToDoRx3" */ = {
			isa = XCConfigurationList;
			buildConfigurations = (
				2D3411F721F16528009F8178 /* Debug */,
				2D3411F821F16528009F8178 /* Release */,
			);
			defaultConfigurationIsVisible = 0;
			defaultConfigurationName = Release;
		};
/* End XCConfigurationList section */

/* Begin XCVersionGroup section */
		2D3411EB21F16526009F8178 /* ToDoRx3.xcdatamodeld */ = {
			isa = XCVersionGroup;
			children = (
				2D3411EC21F16526009F8178 /* ToDoRx3.xcdatamodel */,
			);
			currentVersion = 2D3411EC21F16526009F8178 /* ToDoRx3.xcdatamodel */;
			path = ToDoRx3.xcdatamodeld;
			sourceTree = "<group>";
			versionGroupType = wrapper.xcdatamodel;
		};
/* End XCVersionGroup section */
	};
	rootObject = 2D3411D921F16526009F8178 /* Project object */;
}
